
Microsoft Visual Studio Solution File, Format Version 12.00
# Visual Studio Version 17
VisualStudioVersion = 17.11.35222.181
MinimumVisualStudioVersion = 10.0.40219.1
Project("{FAE04EC0-301F-11D3-BF4B-00C04F79EFBC}") = "API-Gestao-Facil", "API-Gestao-Facil.csproj", "{0CEFD303-9EB6-472B-8ACF-2C1508A0D5D8}"
EndProject
Global
	GlobalSection(SolutionConfigurationPlatforms) = preSolution
		Debug|Any CPU = Debug|Any CPU
		Release|Any CPU = Release|Any CPU
	EndGlobalSection
	GlobalSection(ProjectConfigurationPlatforms) = postSolution
		{0CEFD303-9EB6-472B-8ACF-2C1508A0D5D8}.Debug|Any CPU.ActiveCfg = Debug|Any CPU
		{0CEFD303-9EB6-472B-8ACF-2C1508A0D5D8}.Debug|Any CPU.Build.0 = Debug|Any CPU
		{0CEFD303-9EB6-472B-8ACF-2C1508A0D5D8}.Release|Any CPU.ActiveCfg = Release|Any CPU
		{0CEFD303-9EB6-472B-8ACF-2C1508A0D5D8}.Release|Any CPU.Build.0 = Release|Any CPU
	EndGlobalSection
	GlobalSection(SolutionProperties) = preSolution
		HideSolutionNode = FALSE
	EndGlobalSection
	GlobalSection(ExtensibilityGlobals) = postSolution
		SolutionGuid = {4636FDF1-A6E1-4D77-BC67-6A4DC02F6852}
	EndGlobalSection
EndGlobal
